{
  "version": 2,
  "dependencies": {
    "net10.0": {
      "Duende.IdentityModel.OidcClient": {
        "type": "Direct",
        "requested": "[7.1.0, )",
        "resolved": "7.1.0",
        "contentHash": "5i/eSXgMtqM01ntFZ4pMRkJu8VaLATZL0Ck87XlVUy8SFHy0+n2WuK9LkqT6VLhT4z/We10hoguv6pTH1iUz6g==",
        "dependencies": {
          "Duende.IdentityModel": "8.1.0",
          "Microsoft.Extensions.Logging.Abstractions": "10.0.4"
        }
      },
      "Microsoft.IdentityModel.JsonWebTokens": {
        "type": "Direct",
        "requested": "[8.23.0, )",
        "resolved": "8.23.0",
        "contentHash": "ePEm+mv5iswzckE3mygh52uFUeQpVlHa1B10nS4jpEyNV5tL1mLgRS9U5sMaRlhsPRsZ1DJP0+FhxSrOIfMGIg==",
        "dependencies": {
          "Microsoft.IdentityModel.Tokens": "8.23.0"
        }
      },
      "System.Security.Cryptography.ProtectedData": {
        "type": "Direct",
        "requested": "[10.0.0, )",
        "resolved": "10.0.0",
        "contentHash": "qy6C3gQRTrfhFfuiIYU1jNwWfFdJpBVo1BARW7jgMm1zTEm3LRzLLyOLJGaAuKE+nZCGkEP71y4rj9NWjqLGdQ=="
      },
      "Duende.IdentityModel": {
        "type": "Transitive",
        "resolved": "8.1.0",
        "contentHash": "ncmC2ISg0efTqY74xI6gaLKlv4mErT5ruYK262dkSnAv07g9qYC2++q7AWWs1FyP2c0YZ6LvUtcoJmxZqYyVrA=="
      },
      "Microsoft.Bcl.Cryptography": {
        "type": "Transitive",
        "resolved": "10.0.2",
        "contentHash": "LG9Yll3B5aNpxv0+D47g6LiOiKBIlodhcHdQwcYzo8VeexFLGqx5ymetmA2aBRyo9cCcWsQWrFsdbsr8LvmWDw=="
      },
      "Microsoft.Extensions.DependencyInjection.Abstractions": {
        "type": "Transitive",
        "resolved": "10.0.4",
        "contentHash": "SIe9zlVQJecnk/DTmevIcl6+aEDYhoVLc2eG2AKwVeNEC8CSyxHAbh4lf0xtHq9JUum0vVTEByGNTK+b6oihTQ=="
      },
      "Microsoft.Extensions.Logging.Abstractions": {
        "type": "Transitive",
        "resolved": "10.0.4",
        "contentHash": "PDMMt7fvBatv6hcxxyJtXIzSwn7Dy00W6I2vDAOTYrQqNM2dF5A2L9n0uMzdPz2IPoNZWkAmYjoOCEdDLq0i4w==",
        "dependencies": {
          "Microsoft.Extensions.DependencyInjection.Abstractions": "10.0.4"
        }
      },
      "Microsoft.IdentityModel.Abstractions": {
        "type": "Transitive",
        "resolved": "8.23.0",
        "contentHash": "JjiBkKj12OKvuWr+kB5sQwb7fmWW5bi03Mq/rd2Fu/7YwZ1RWQO9KhI9lBxki4o1VvY0wzqny8c7nwx1uuZzVg=="
      },
      "Microsoft.IdentityModel.Logging": {
        "type": "Transitive",
        "resolved": "8.23.0",
        "contentHash": "wSXXOoV4b4hhRcC492jyNBZkO0LWrcWtWP5Cl5ujrON3vTMlufXDT39gTZfBhFAZCV2XJtNU6DLHMDR6E9YpUg==",
        "dependencies": {
          "Microsoft.IdentityModel.Abstractions": "8.23.0"
        }
      },
      "Microsoft.IdentityModel.Tokens": {
        "type": "Transitive",
        "resolved": "8.23.0",
        "contentHash": "PUowLq8gqICt+oepHWmKBOJmnVmWoQ5dOVn2CgwFMBZZOAEMHgCQLWs8ONYdsjAyjhDHaFy+AAx0OMG/oV06Zw==",
        "dependencies": {
          "Microsoft.Bcl.Cryptography": "10.0.2",
          "Microsoft.Extensions.Logging.Abstractions": "8.0.0",
          "Microsoft.IdentityModel.Logging": "8.23.0"
        }
      },
      "autumnos.contracts": {
        "type": "Project"
      }
    },
    "net10.0/win-x64": {}
  }
}